
Microsoft Visual Studio Solution File, Format Version 12.00
# Visual Studio 15
VisualStudioVersion = 15.0.28010.2003
MinimumVisualStudioVersion = 10.0.40219.1
Project("{FAE04EC0-301F-11D3-BF4B-00C04F79EFBC}") = "BasicInheritance", "BasicInheritance\BasicInheritance.csproj", "{80564D21-A5B2-4FC1-8817-226E3A7BC1FE}"
EndProject
Global
	GlobalSection(SolutionConfigurationPlatforms) = preSolution
		Debug|Any CPU = Debug|Any CPU
		Release|Any CPU = Release|Any CPU
	EndGlobalSection
	GlobalSection(ProjectConfigurationPlatforms) = postSolution
		{80564D21-A5B2-4FC1-8817-226E3A7BC1FE}.Debug|Any CPU.ActiveCfg = Debug|Any CPU
		{80564D21-A5B2-4FC1-8817-226E3A7BC1FE}.Debug|Any CPU.Build.0 = Debug|Any CPU
		{80564D21-A5B2-4FC1-8817-226E3A7BC1FE}.Release|Any CPU.ActiveCfg = Release|Any CPU
		{80564D21-A5B2-4FC1-8817-226E3A7BC1FE}.Release|Any CPU.Build.0 = Release|Any CPU
	EndGlobalSection
	GlobalSection(SolutionProperties) = preSolution
		HideSolutionNode = FALSE
	EndGlobalSection
	GlobalSection(ExtensibilityGlobals) = postSolution
		SolutionGuid = {BAC2E951-D173-45EA-B9CD-CB7C1CD2E23D}
	EndGlobalSection
EndGlobal
